
Microsoft Visual Studio Solution File, Format Version 12.00
# Visual Studio Version 16
VisualStudioVersion = 16.0.30011.22
MinimumVisualStudioVersion = 10.0.40219.1
Project("{9A19103F-16F7-4668-BE54-9A1E7A4F7556}") = "Api", "Api\Api.csproj", "{94CBBA2C-EE95-4ED4-A243-11FE7EFAFA6B}"
EndProject
Project("{9A19103F-16F7-4668-BE54-9A1E7A4F7556}") = "Rules", "Rules\Rules.csproj", "{61FCEB4B-9E7A-4BA8-A82C-F72B46AB6A8E}"
EndProject
Project("{9A19103F-16F7-4668-BE54-9A1E7A4F7556}") = "Pipeline", "Pipeline\Pipeline.csproj", "{B439D875-95CD-45CD-B1FD-9C7D8B975B31}"
EndProject
Project("{9A19103F-16F7-4668-BE54-9A1E7A4F7556}") = "TodoItems", "TodoItems\TodoItems.csproj", "{3DDA8281-B65D-4984-A84C-DF9C88375722}"
EndProject
Project("{9A19103F-16F7-4668-BE54-9A1E7A4F7556}") = "Middleware", "Middleware\Middleware.csproj", "{227773D8-E81A-4F11-B803-375DF3AA4F26}"
EndProject
Project("{9A19103F-16F7-4668-BE54-9A1E7A4F7556}") = "Security", "Security\Security.csproj", "{952490EA-4FDC-4B06-A9D5-242B56FBF565}"
EndProject
Project("{9A19103F-16F7-4668-BE54-9A1E7A4F7556}") = "GuardClauses", "GuardClauses\GuardClauses.csproj", "{11E4F78C-7392-4BC4-8841-57A425C0B495}"
EndProject
Project("{9A19103F-16F7-4668-BE54-9A1E7A4F7556}") = "GuardClauses.Tests", "GuardClauses.Tests\GuardClauses.Tests.csproj", "{323CE55A-4607-454A-AFD5-18C47365C3F2}"
EndProject
Project("{FAE04EC0-301F-11D3-BF4B-00C04F79EFBC}") = "Rules.Tests", "Rules.Tests\Rules.Tests.csproj", "{36E48EC4-FAC4-41F7-A7D4-D6CF6D7C840B}"
EndProject
Global
	GlobalSection(SolutionConfigurationPlatforms) = preSolution
		Debug|Any CPU = Debug|Any CPU
		Release|Any CPU = Release|Any CPU
	EndGlobalSection
	GlobalSection(ProjectConfigurationPlatforms) = postSolution
		{94CBBA2C-EE95-4ED4-A243-11FE7EFAFA6B}.Debug|Any CPU.ActiveCfg = Debug|Any CPU
		{94CBBA2C-EE95-4ED4-A243-11FE7EFAFA6B}.Debug|Any CPU.Build.0 = Debug|Any CPU
		{94CBBA2C-EE95-4ED4-A243-11FE7EFAFA6B}.Release|Any CPU.ActiveCfg = Release|Any CPU
		{94CBBA2C-EE95-4ED4-A243-11FE7EFAFA6B}.Release|Any CPU.Build.0 = Release|Any CPU
		{61FCEB4B-9E7A-4BA8-A82C-F72B46AB6A8E}.Debug|Any CPU.ActiveCfg = Debug|Any CPU
		{61FCEB4B-9E7A-4BA8-A82C-F72B46AB6A8E}.Debug|Any CPU.Build.0 = Debug|Any CPU
		{61FCEB4B-9E7A-4BA8-A82C-F72B46AB6A8E}.Release|Any CPU.ActiveCfg = Release|Any CPU
		{61FCEB4B-9E7A-4BA8-A82C-F72B46AB6A8E}.Release|Any CPU.Build.0 = Release|Any CPU
		{B439D875-95CD-45CD-B1FD-9C7D8B975B31}.Debug|Any CPU.ActiveCfg = Debug|Any CPU
		{B439D875-95CD-45CD-B1FD-9C7D8B975B31}.Debug|Any CPU.Build.0 = Debug|Any CPU
		{B439D875-95CD-45CD-B1FD-9C7D8B975B31}.Release|Any CPU.ActiveCfg = Release|Any CPU
		{B439D875-95CD-45CD-B1FD-9C7D8B975B31}.Release|Any CPU.Build.0 = Release|Any CPU
		{3DDA8281-B65D-4984-A84C-DF9C88375722}.Debug|Any CPU.ActiveCfg = Debug|Any CPU
		{3DDA8281-B65D-4984-A84C-DF9C88375722}.Debug|Any CPU.Build.0 = Debug|Any CPU
		{3DDA8281-B65D-4984-A84C-DF9C88375722}.Release|Any CPU.ActiveCfg = Release|Any CPU
		{3DDA8281-B65D-4984-A84C-DF9C88375722}.Release|Any CPU.Build.0 = Release|Any CPU
		{227773D8-E81A-4F11-B803-375DF3AA4F26}.Debug|Any CPU.ActiveCfg = Debug|Any CPU
		{227773D8-E81A-4F11-B803-375DF3AA4F26}.Debug|Any CPU.Build.0 = Debug|Any CPU
		{227773D8-E81A-4F11-B803-375DF3AA4F26}.Release|Any CPU.ActiveCfg = Release|Any CPU
		{227773D8-E81A-4F11-B803-375DF3AA4F26}.Release|Any CPU.Build.0 = Release|Any CPU
		{952490EA-4FDC-4B06-A9D5-242B56FBF565}.Debug|Any CPU.ActiveCfg = Debug|Any CPU
		{952490EA-4FDC-4B06-A9D5-242B56FBF565}.Debug|Any CPU.Build.0 = Debug|Any CPU
		{952490EA-4FDC-4B06-A9D5-242B56FBF565}.Release|Any CPU.ActiveCfg = Release|Any CPU
		{952490EA-4FDC-4B06-A9D5-242B56FBF565}.Release|Any CPU.Build.0 = Release|Any CPU
		{11E4F78C-7392-4BC4-8841-57A425C0B495}.Debug|Any CPU.ActiveCfg = Debug|Any CPU
		{11E4F78C-7392-4BC4-8841-57A425C0B495}.Debug|Any CPU.Build.0 = Debug|Any CPU
		{11E4F78C-7392-4BC4-8841-57A425C0B495}.Release|Any CPU.ActiveCfg = Release|Any CPU
		{11E4F78C-7392-4BC4-8841-57A425C0B495}.Release|Any CPU.Build.0 = Release|Any CPU
		{323CE55A-4607-454A-AFD5-18C47365C3F2}.Debug|Any CPU.ActiveCfg = Debug|Any CPU
		{323CE55A-4607-454A-AFD5-18C47365C3F2}.Debug|Any CPU.Build.0 = Debug|Any CPU
		{323CE55A-4607-454A-AFD5-18C47365C3F2}.Release|Any CPU.ActiveCfg = Release|Any CPU
		{323CE55A-4607-454A-AFD5-18C47365C3F2}.Release|Any CPU.Build.0 = Release|Any CPU
		{36E48EC4-FAC4-41F7-A7D4-D6CF6D7C840B}.Debug|Any CPU.ActiveCfg = Debug|Any CPU
		{36E48EC4-FAC4-41F7-A7D4-D6CF6D7C840B}.Debug|Any CPU.Build.0 = Debug|Any CPU
		{36E48EC4-FAC4-41F7-A7D4-D6CF6D7C840B}.Release|Any CPU.ActiveCfg = Release|Any CPU
		{36E48EC4-FAC4-41F7-A7D4-D6CF6D7C840B}.Release|Any CPU.Build.0 = Release|Any CPU
	EndGlobalSection
	GlobalSection(SolutionProperties) = preSolution
		HideSolutionNode = FALSE
	EndGlobalSection
	GlobalSection(ExtensibilityGlobals) = postSolution
		SolutionGuid = {F6A62D5E-70C8-4407-B29B-FB7D91BA4066}
	EndGlobalSection
EndGlobal
