
Microsoft Visual Studio Solution File, Format Version 12.00
# Visual Studio 15
VisualStudioVersion = 15.0.28010.2003
MinimumVisualStudioVersion = 10.0.40219.1
Project("{9A19103F-16F7-4668-BE54-9A1E7A4F7556}") = "Tips.DependencyInjectionOfInternals", "Tips.DependencyInjectionOfInternals\Tips.DependencyInjectionOfInternals.csproj", "{E5D7F56B-47B2-4748-B002-633FF90B377E}"
EndProject
Project("{9A19103F-16F7-4668-BE54-9A1E7A4F7556}") = "Tips.DependencyInjectionOfInternals.Business", "Tips.DependencyInjectionOfInternals.Business\Tips.DependencyInjectionOfInternals.Business.csproj", "{19E9E132-2842-44BF-BA23-8332DB3656A1}"
EndProject
Project("{9A19103F-16F7-4668-BE54-9A1E7A4F7556}") = "Tips.DependencyInjectionOfInternals.Business.Tests", "Tips.DependencyInjectionOfInternals.Business.Tests\Tips.DependencyInjectionOfInternals.Business.Tests.csproj", "{425F83AB-A0E7-4E28-8525-AE19145D56A9}"
EndProject
Project("{FAE04EC0-301F-11D3-BF4B-00C04F79EFBC}") = "Tips.DependencyInjectionOfInternals.Tests", "Tips.DependencyInjectionOfInternals.Tests\Tips.DependencyInjectionOfInternals.Tests.csproj", "{7640350D-743D-4436-B1CA-2680D30FD7FF}"
EndProject
Global
	GlobalSection(SolutionConfigurationPlatforms) = preSolution
		Debug|Any CPU = Debug|Any CPU
		Release|Any CPU = Release|Any CPU
	EndGlobalSection
	GlobalSection(ProjectConfigurationPlatforms) = postSolution
		{E5D7F56B-47B2-4748-B002-633FF90B377E}.Debug|Any CPU.ActiveCfg = Debug|Any CPU
		{E5D7F56B-47B2-4748-B002-633FF90B377E}.Debug|Any CPU.Build.0 = Debug|Any CPU
		{E5D7F56B-47B2-4748-B002-633FF90B377E}.Release|Any CPU.ActiveCfg = Release|Any CPU
		{E5D7F56B-47B2-4748-B002-633FF90B377E}.Release|Any CPU.Build.0 = Release|Any CPU
		{19E9E132-2842-44BF-BA23-8332DB3656A1}.Debug|Any CPU.ActiveCfg = Debug|Any CPU
		{19E9E132-2842-44BF-BA23-8332DB3656A1}.Debug|Any CPU.Build.0 = Debug|Any CPU
		{19E9E132-2842-44BF-BA23-8332DB3656A1}.Release|Any CPU.ActiveCfg = Release|Any CPU
		{19E9E132-2842-44BF-BA23-8332DB3656A1}.Release|Any CPU.Build.0 = Release|Any CPU
		{425F83AB-A0E7-4E28-8525-AE19145D56A9}.Debug|Any CPU.ActiveCfg = Debug|Any CPU
		{425F83AB-A0E7-4E28-8525-AE19145D56A9}.Debug|Any CPU.Build.0 = Debug|Any CPU
		{425F83AB-A0E7-4E28-8525-AE19145D56A9}.Release|Any CPU.ActiveCfg = Release|Any CPU
		{425F83AB-A0E7-4E28-8525-AE19145D56A9}.Release|Any CPU.Build.0 = Release|Any CPU
		{7640350D-743D-4436-B1CA-2680D30FD7FF}.Debug|Any CPU.ActiveCfg = Debug|Any CPU
		{7640350D-743D-4436-B1CA-2680D30FD7FF}.Debug|Any CPU.Build.0 = Debug|Any CPU
		{7640350D-743D-4436-B1CA-2680D30FD7FF}.Release|Any CPU.ActiveCfg = Release|Any CPU
		{7640350D-743D-4436-B1CA-2680D30FD7FF}.Release|Any CPU.Build.0 = Release|Any CPU
	EndGlobalSection
	GlobalSection(SolutionProperties) = preSolution
		HideSolutionNode = FALSE
	EndGlobalSection
	GlobalSection(ExtensibilityGlobals) = postSolution
		SolutionGuid = {5E11820B-1958-4FE7-9F8C-0C4C4C2E29BB}
	EndGlobalSection
EndGlobal
