
Microsoft Visual Studio Solution File, Format Version 12.00
# Visual Studio Version 16
VisualStudioVersion = 16.0.30611.23
MinimumVisualStudioVersion = 10.0.40219.1
Project("{FAE04EC0-301F-11D3-BF4B-00C04F79EFBC}") = "ApiTester", "ApiTester\ApiTester.csproj", "{6B24CA9B-8512-4ACA-998E-70C81B791942}"
EndProject
Global
	GlobalSection(SolutionConfigurationPlatforms) = preSolution
		Debug|Any CPU = Debug|Any CPU
		Release|Any CPU = Release|Any CPU
	EndGlobalSection
	GlobalSection(ProjectConfigurationPlatforms) = postSolution
		{6B24CA9B-8512-4ACA-998E-70C81B791942}.Debug|Any CPU.ActiveCfg = Debug|Any CPU
		{6B24CA9B-8512-4ACA-998E-70C81B791942}.Debug|Any CPU.Build.0 = Debug|Any CPU
		{6B24CA9B-8512-4ACA-998E-70C81B791942}.Release|Any CPU.ActiveCfg = Release|Any CPU
		{6B24CA9B-8512-4ACA-998E-70C81B791942}.Release|Any CPU.Build.0 = Release|Any CPU
	EndGlobalSection
	GlobalSection(SolutionProperties) = preSolution
		HideSolutionNode = FALSE
	EndGlobalSection
	GlobalSection(ExtensibilityGlobals) = postSolution
		SolutionGuid = {D1BED7FB-A338-4B10-9FF8-CEE6FA41493C}
	EndGlobalSection
EndGlobal
